
Microsoft Visual Studio Solution File, Format Version 12.00
# Visual Studio Version 16
VisualStudioVersion = 16.0.30717.126
MinimumVisualStudioVersion = 10.0.40219.1
Project("{FAE04EC0-301F-11D3-BF4B-00C04F79EFBC}") = "Database", "Database\Database.csproj", "{C1121174-ED67-42D9-856F-478E6914E5CA}"
EndProject
Global
	GlobalSection(SolutionConfigurationPlatforms) = preSolution
		Debug|Any CPU = Debug|Any CPU
		Release|Any CPU = Release|Any CPU
	EndGlobalSection
	GlobalSection(ProjectConfigurationPlatforms) = postSolution
		{C1121174-ED67-42D9-856F-478E6914E5CA}.Debug|Any CPU.ActiveCfg = Debug|Any CPU
		{C1121174-ED67-42D9-856F-478E6914E5CA}.Debug|Any CPU.Build.0 = Debug|Any CPU
		{C1121174-ED67-42D9-856F-478E6914E5CA}.Release|Any CPU.ActiveCfg = Release|Any CPU
		{C1121174-ED67-42D9-856F-478E6914E5CA}.Release|Any CPU.Build.0 = Release|Any CPU
	EndGlobalSection
	GlobalSection(SolutionProperties) = preSolution
		HideSolutionNode = FALSE
	EndGlobalSection
	GlobalSection(ExtensibilityGlobals) = postSolution
		SolutionGuid = {62A063B8-9832-4523-BE53-83079CC6CDA0}
	EndGlobalSection
EndGlobal
